{
    "facile-it/symfony-functional-testcase": {
        "version": "0.1.3"
    },
    "jangregor/phpstan-prophecy": {
        "version": "0.8.0"
    },
    "php": {
        "version": "7.2"
    },
    "phpstan/extension-installer": {
        "version": "1.0.4"
    },
    "phpstan/phpstan-phpunit": {
        "version": "0.12.8"
    },
    "psr/event-dispatcher": {
        "version": "1.0.0"
    },
    "symfony/amqp-messenger": {
        "version": "v5.1.0"
    },
    "symfony/browser-kit": {
        "version": "v5.0.8"
    },
    "symfony/deprecation-contracts": {
        "version": "v2.1.2"
    },
    "symfony/doctrine-messenger": {
        "version": "v5.1.0"
    },
    "symfony/dom-crawler": {
        "version": "v5.0.8"
    },
    "symfony/flex": {
        "version": "1.0",
        "recipe": {
            "repo": "github.com/symfony/recipes",
            "branch": "master",
            "version": "1.0",
            "ref": "c0eeb50665f0f77226616b6038a9b06c03752d8e"
        },
        "files": [
            ".env"
        ]
    },
    "symfony/messenger": {
        "version": "4.3",
        "recipe": {
            "repo": "github.com/symfony/recipes",
            "branch": "master",
            "version": "4.3",
            "ref": "8a2675c061737658bed85102e9241c752620e575"
        },
        "files": [
            "config/packages/messenger.yaml"
        ]
    },
    "symfony/polyfill-intl-grapheme": {
        "version": "v1.17.0"
    },
    "symfony/polyfill-intl-normalizer": {
        "version": "v1.17.0"
    },
    "symfony/polyfill-php80": {
        "version": "v1.17.0"
    },
    "symfony/redis-messenger": {
        "version": "v5.1.0"
    },
    "symfony/string": {
        "version": "v5.1.0"
    },
    "symfony/yaml": {
        "version": "v5.0.8"
    }
}
